
Microsoft Visual Studio Solution File, Format Version 12.00
# Visual Studio 14
VisualStudioVersion = 14.0.24720.0
MinimumVisualStudioVersion = 10.0.40219.1
Project("{FAE04EC0-301F-11D3-BF4B-00C04F79EFBC}") = "DungeonsOfAWDragonsLair", "DungeonsOfAWDragonsLair\DungeonsOfAWDragonsLair.csproj", "{83DD3222-D562-470E-AE45-766A58237349}"
EndProject
Project("{FAE04EC0-301F-11D3-BF4B-00C04F79EFBC}") = "Utils", "RandomUtils\Utils.csproj", "{DA9B12E4-C403-4FB0-B305-5FBC5757B564}"
EndProject
Global
	GlobalSection(SolutionConfigurationPlatforms) = preSolution
		Debug|Any CPU = Debug|Any CPU
		Release|Any CPU = Release|Any CPU
	EndGlobalSection
	GlobalSection(ProjectConfigurationPlatforms) = postSolution
		{83DD3222-D562-470E-AE45-766A58237349}.Debug|Any CPU.ActiveCfg = Debug|Any CPU
		{83DD3222-D562-470E-AE45-766A58237349}.Debug|Any CPU.Build.0 = Debug|Any CPU
		{83DD3222-D562-470E-AE45-766A58237349}.Release|Any CPU.ActiveCfg = Release|Any CPU
		{83DD3222-D562-470E-AE45-766A58237349}.Release|Any CPU.Build.0 = Release|Any CPU
		{DA9B12E4-C403-4FB0-B305-5FBC5757B564}.Debug|Any CPU.ActiveCfg = Debug|Any CPU
		{DA9B12E4-C403-4FB0-B305-5FBC5757B564}.Debug|Any CPU.Build.0 = Debug|Any CPU
		{DA9B12E4-C403-4FB0-B305-5FBC5757B564}.Release|Any CPU.ActiveCfg = Release|Any CPU
		{DA9B12E4-C403-4FB0-B305-5FBC5757B564}.Release|Any CPU.Build.0 = Release|Any CPU
	EndGlobalSection
	GlobalSection(SolutionProperties) = preSolution
		HideSolutionNode = FALSE
	EndGlobalSection
EndGlobal
